{
    "_readme": [
        "This file locks the dependencies of your project to a known state",
        "Read more about it at https://getcomposer.org/doc/01-basic-usage.md#installing-dependencies",
        "This file is @generated automatically"
    ],
    "content-hash": "011250445af19320ca5d9ad34fd974d5",
    "packages": [
        {
            "name": "alkemann/h2l",
            "version": "dev-master",
            "source": {
                "type": "git",
                "url": "https://github.com/alkemann/h2l.git",
                "reference": "a978835f1dd3a585aa0125f05d5f13846a0399ee"
            },
            "dist": {
                "type": "zip",
                "url": "https://api.github.com/repos/alkemann/h2l/zipball/a978835f1dd3a585aa0125f05d5f13846a0399ee",
                "reference": "a978835f1dd3a585aa0125f05d5f13846a0399ee",
                "shasum": ""
            },
            "require": {
                "php": "^8.0"
            },
            "require-dev": {
                "mongodb/mongodb": "^1.8",
                "phpstan/phpstan": "^0.12.4",
                "phpunit/phpunit": "^9"
            },
            "suggest": {
                "alkemann/debug": "Convenient var_dump replaces for debug and development, require-dev only",
                "ext-curl": "For remote API usage",
                "ext-mongo": "For the MongoDb Datasource. ",
                "ext-pdo": "For the MySql, Postgres and Sqlite Datasources.",
                "mongodb/mongodb": "A Mongo DB data connection is provided that uses this library",
                "monolog/monolog": "Advanced logging that can be plugged into the logger"
            },
            "default-branch": true,
            "bin": [
                "bin/skeleton",
                "bin/testh2l"
            ],
            "type": "library",
            "autoload": {
                "psr-4": {
                    "alkemann\\h2l\\": "src/",
                    "alkemann\\h2l\\tests\\": "tests/"
                }
            },
            "notification-url": "https://packagist.org/downloads/",
            "license": [
                "MIT"
            ],
            "authors": [
                {
                    "name": "Alexander Morland",
                    "homepage": "https://github.com/alkemann"
                }
            ],
            "description": "A micro framework for websites and apis. This is a sequel of h.l, made for PHP 7",
            "homepage": "https://github.com/alkemann/h2l",
            "keywords": [
                "PHP7",
                "framework",
                "microframework",
                "router",
                "routing"
            ],
            "support": {
                "issues": "https://github.com/alkemann/h2l/issues",
                "source": "https://github.com/alkemann/h2l/tree/master"
            },
            "time": "2022-04-08T18:50:30+00:00"
        }
    ],
    "packages-dev": [],
    "aliases": [],
    "minimum-stability": "stable",
    "stability-flags": {
        "alkemann/h2l": 20
    },
    "prefer-stable": false,
    "prefer-lowest": false,
    "platform": [],
    "platform-dev": [],
    "plugin-api-version": "2.2.0"
}
